// !$*UTF8*$!
{
	archiveVersion = 1;
	classes = {
	};
	objectVersion = 55;
	objects = {

/* Begin PBXBuildFile section */
		00AF5DEC827ABEB3BCCF0DAB /* Pods_Doit__iOS_.framework in Frameworks */ = {isa = PBXBuildFile; fileRef = F0D8BFE454FC22BC018880C4 /* Pods_Doit__iOS_.framework */; };
		2A332E2A279651DA0037ECFC /* LoginView.swift in Sources */ = {isa = PBXBuildFile; fileRef = 2A332E29279651DA0037ECFC /* LoginView.swift */; };
		2A332E2E279651F10037ECFC /* GoogleDelegate.swift in Sources */ = {isa = PBXBuildFile; fileRef = 2A332E2D279651F10037ECFC /* GoogleDelegate.swift */; };
		2A332E30279651FE0037ECFC /* AppleDelegate.swift in Sources */ = {isa = PBXBuildFile; fileRef = 2A332E2F279651FE0037ECFC /* AppleDelegate.swift */; };
		2A332E32279652150037ECFC /* AppDelegate.swift in Sources */ = {isa = PBXBuildFile; fileRef = 2A332E31279652150037ECFC /* AppDelegate.swift */; };
		2AD6D29A27964A080091BFDC /* Tests_iOS.swift in Sources */ = {isa = PBXBuildFile; fileRef = 2AD6D29927964A080091BFDC /* Tests_iOS.swift */; };
		2AD6D29C27964A080091BFDC /* Tests_iOSLaunchTests.swift in Sources */ = {isa = PBXBuildFile; fileRef = 2AD6D29B27964A080091BFDC /* Tests_iOSLaunchTests.swift */; };
		2AD6D2A627964A080091BFDC /* Tests_macOS.swift in Sources */ = {isa = PBXBuildFile; fileRef = 2AD6D2A527964A080091BFDC /* Tests_macOS.swift */; };
		2AD6D2A827964A080091BFDC /* Tests_macOSLaunchTests.swift in Sources */ = {isa = PBXBuildFile; fileRef = 2AD6D2A727964A080091BFDC /* Tests_macOSLaunchTests.swift */; };
		2AD6D2A927964A080091BFDC /* DoitApp.swift in Sources */ = {isa = PBXBuildFile; fileRef = 2AD6D28127964A060091BFDC /* DoitApp.swift */; };
		2AD6D2AA27964A080091BFDC /* DoitApp.swift in Sources */ = {isa = PBXBuildFile; fileRef = 2AD6D28127964A060091BFDC /* DoitApp.swift */; };
		2AD6D2AB27964A080091BFDC /* ContentView.swift in Sources */ = {isa = PBXBuildFile; fileRef = 2AD6D28227964A060091BFDC /* ContentView.swift */; };
		2AD6D2AC27964A080091BFDC /* ContentView.swift in Sources */ = {isa = PBXBuildFile; fileRef = 2AD6D28227964A060091BFDC /* ContentView.swift */; };
		2AD6D2AD27964A080091BFDC /* Assets.xcassets in Resources */ = {isa = PBXBuildFile; fileRef = 2AD6D28327964A080091BFDC /* Assets.xcassets */; };
		2AD6D2AE27964A080091BFDC /* Assets.xcassets in Resources */ = {isa = PBXBuildFile; fileRef = 2AD6D28327964A080091BFDC /* Assets.xcassets */; };

		F79A077F27964DD700EFD0AE /* CreateView.swift in Sources */ = {isa = PBXBuildFile; fileRef = F79A077E27964DD700EFD0AE /* CreateView.swift */; };
		F79A078127964DE500EFD0AE /* SettingView.swift in Sources */ = {isa = PBXBuildFile; fileRef = F79A078027964DE500EFD0AE /* SettingView.swift */; };
		F79A078327964DF500EFD0AE /* NotificationView.swift in Sources */ = {isa = PBXBuildFile; fileRef = F79A078227964DF500EFD0AE /* NotificationView.swift */; };
		F79A078527964E0100EFD0AE /* BookView.swift in Sources */ = {isa = PBXBuildFile; fileRef = F79A078427964E0100EFD0AE /* BookView.swift */; };
		F79A078727964E1F00EFD0AE /* FirstView.swift in Sources */ = {isa = PBXBuildFile; fileRef = F79A078627964E1F00EFD0AE /* FirstView.swift */; };
		F79A078A27964E4400EFD0AE /* FSCalendar in Frameworks */ = {isa = PBXBuildFile; productRef = F79A078927964E4400EFD0AE /* FSCalendar */; };
		4369494A8616429A948354BA /* Pods_Doit__macOS_.framework in Frameworks */ = {isa = PBXBuildFile; fileRef = ED6B438C0612DCBA55A08667 /* Pods_Doit__macOS_.framework */; };

/* End PBXBuildFile section */

/* Begin PBXContainerItemProxy section */
		2AD6D29627964A080091BFDC /* PBXContainerItemProxy */ = {
			isa = PBXContainerItemProxy;
			containerPortal = 2AD6D27C27964A060091BFDC /* Project object */;
			proxyType = 1;
			remoteGlobalIDString = 2AD6D28727964A080091BFDC;
			remoteInfo = "Doit (iOS)";
		};
		2AD6D2A227964A080091BFDC /* PBXContainerItemProxy */ = {
			isa = PBXContainerItemProxy;
			containerPortal = 2AD6D27C27964A060091BFDC /* Project object */;
			proxyType = 1;
			remoteGlobalIDString = 2AD6D28D27964A080091BFDC;
			remoteInfo = "Doit (macOS)";
		};
/* End PBXContainerItemProxy section */

/* Begin PBXFileReference section */
		2A332E29279651DA0037ECFC /* LoginView.swift */ = {isa = PBXFileReference; lastKnownFileType = sourcecode.swift; path = LoginView.swift; sourceTree = "<group>"; };
		2A332E2D279651F10037ECFC /* GoogleDelegate.swift */ = {isa = PBXFileReference; lastKnownFileType = sourcecode.swift; path = GoogleDelegate.swift; sourceTree = "<group>"; };
		2A332E2F279651FE0037ECFC /* AppleDelegate.swift */ = {isa = PBXFileReference; lastKnownFileType = sourcecode.swift; path = AppleDelegate.swift; sourceTree = "<group>"; };
		2A332E31279652150037ECFC /* AppDelegate.swift */ = {isa = PBXFileReference; lastKnownFileType = sourcecode.swift; path = AppDelegate.swift; sourceTree = "<group>"; };
		2A332E33279652D70037ECFC /* Doit--iOS--Info.plist */ = {isa = PBXFileReference; lastKnownFileType = text.plist; path = "Doit--iOS--Info.plist"; sourceTree = "<group>"; };
		2AD6D28127964A060091BFDC /* DoitApp.swift */ = {isa = PBXFileReference; lastKnownFileType = sourcecode.swift; path = DoitApp.swift; sourceTree = "<group>"; };
		2AD6D28227964A060091BFDC /* ContentView.swift */ = {isa = PBXFileReference; lastKnownFileType = sourcecode.swift; path = ContentView.swift; sourceTree = "<group>"; };
		2AD6D28327964A080091BFDC /* Assets.xcassets */ = {isa = PBXFileReference; lastKnownFileType = folder.assetcatalog; path = Assets.xcassets; sourceTree = "<group>"; };
		2AD6D28827964A080091BFDC /* Doit.app */ = {isa = PBXFileReference; explicitFileType = wrapper.application; includeInIndex = 0; path = Doit.app; sourceTree = BUILT_PRODUCTS_DIR; };
		2AD6D28E27964A080091BFDC /* Doit.app */ = {isa = PBXFileReference; explicitFileType = wrapper.application; includeInIndex = 0; path = Doit.app; sourceTree = BUILT_PRODUCTS_DIR; };
		2AD6D29027964A080091BFDC /* macOS.entitlements */ = {isa = PBXFileReference; lastKnownFileType = text.plist.entitlements; path = macOS.entitlements; sourceTree = "<group>"; };
		2AD6D29527964A080091BFDC /* Tests iOS.xctest */ = {isa = PBXFileReference; explicitFileType = wrapper.cfbundle; includeInIndex = 0; path = "Tests iOS.xctest"; sourceTree = BUILT_PRODUCTS_DIR; };
		2AD6D29927964A080091BFDC /* Tests_iOS.swift */ = {isa = PBXFileReference; lastKnownFileType = sourcecode.swift; path = Tests_iOS.swift; sourceTree = "<group>"; };
		2AD6D29B27964A080091BFDC /* Tests_iOSLaunchTests.swift */ = {isa = PBXFileReference; lastKnownFileType = sourcecode.swift; path = Tests_iOSLaunchTests.swift; sourceTree = "<group>"; };
		2AD6D2A127964A080091BFDC /* Tests macOS.xctest */ = {isa = PBXFileReference; explicitFileType = wrapper.cfbundle; includeInIndex = 0; path = "Tests macOS.xctest"; sourceTree = BUILT_PRODUCTS_DIR; };
		2AD6D2A527964A080091BFDC /* Tests_macOS.swift */ = {isa = PBXFileReference; lastKnownFileType = sourcecode.swift; path = Tests_macOS.swift; sourceTree = "<group>"; };
		2AD6D2A727964A080091BFDC /* Tests_macOSLaunchTests.swift */ = {isa = PBXFileReference; lastKnownFileType = sourcecode.swift; path = Tests_macOSLaunchTests.swift; sourceTree = "<group>"; };

		F79A077E27964DD700EFD0AE /* CreateView.swift */ = {isa = PBXFileReference; lastKnownFileType = sourcecode.swift; path = CreateView.swift; sourceTree = "<group>"; };
		F79A078027964DE500EFD0AE /* SettingView.swift */ = {isa = PBXFileReference; lastKnownFileType = sourcecode.swift; path = SettingView.swift; sourceTree = "<group>"; };
		F79A078227964DF500EFD0AE /* NotificationView.swift */ = {isa = PBXFileReference; lastKnownFileType = sourcecode.swift; path = NotificationView.swift; sourceTree = "<group>"; };
		F79A078427964E0100EFD0AE /* BookView.swift */ = {isa = PBXFileReference; lastKnownFileType = sourcecode.swift; path = BookView.swift; sourceTree = "<group>"; };
		F79A078627964E1F00EFD0AE /* FirstView.swift */ = {isa = PBXFileReference; lastKnownFileType = sourcecode.swift; path = FirstView.swift; sourceTree = "<group>"; };

		6A42417D8CA9D06634E64AD7 /* Pods-Doit (macOS).release.xcconfig */ = {isa = PBXFileReference; includeInIndex = 1; lastKnownFileType = text.xcconfig; name = "Pods-Doit (macOS).release.xcconfig"; path = "Target Support Files/Pods-Doit (macOS)/Pods-Doit (macOS).release.xcconfig"; sourceTree = "<group>"; };
		833EE23FDE5F4F3B125102EF /* Pods-Doit (iOS).debug.xcconfig */ = {isa = PBXFileReference; includeInIndex = 1; lastKnownFileType = text.xcconfig; name = "Pods-Doit (iOS).debug.xcconfig"; path = "Target Support Files/Pods-Doit (iOS)/Pods-Doit (iOS).debug.xcconfig"; sourceTree = "<group>"; };
		ED6B438C0612DCBA55A08667 /* Pods_Doit__macOS_.framework */ = {isa = PBXFileReference; explicitFileType = wrapper.framework; includeInIndex = 0; path = Pods_Doit__macOS_.framework; sourceTree = BUILT_PRODUCTS_DIR; };
		F0D8BFE454FC22BC018880C4 /* Pods_Doit__iOS_.framework */ = {isa = PBXFileReference; explicitFileType = wrapper.framework; includeInIndex = 0; path = Pods_Doit__iOS_.framework; sourceTree = BUILT_PRODUCTS_DIR; };
		F4885F3FCBAB5A330F3B85AB /* Pods-Doit (macOS).debug.xcconfig */ = {isa = PBXFileReference; includeInIndex = 1; lastKnownFileType = text.xcconfig; name = "Pods-Doit (macOS).debug.xcconfig"; path = "Target Support Files/Pods-Doit (macOS)/Pods-Doit (macOS).debug.xcconfig"; sourceTree = "<group>"; };
		F6F2AA42B779C6B68FDE4223 /* Pods-Doit (iOS).release.xcconfig */ = {isa = PBXFileReference; includeInIndex = 1; lastKnownFileType = text.xcconfig; name = "Pods-Doit (iOS).release.xcconfig"; path = "Target Support Files/Pods-Doit (iOS)/Pods-Doit (iOS).release.xcconfig"; sourceTree = "<group>"; };

/* End PBXFileReference section */

/* Begin PBXFrameworksBuildPhase section */
		2AD6D28527964A080091BFDC /* Frameworks */ = {
			isa = PBXFrameworksBuildPhase;
			buildActionMask = 2147483647;
			files = (

				F79A078A27964E4400EFD0AE /* FSCalendar in Frameworks */,

				00AF5DEC827ABEB3BCCF0DAB /* Pods_Doit__iOS_.framework in Frameworks */,

			);
			runOnlyForDeploymentPostprocessing = 0;
		};
		2AD6D28B27964A080091BFDC /* Frameworks */ = {
			isa = PBXFrameworksBuildPhase;
			buildActionMask = 2147483647;
			files = (
				4369494A8616429A948354BA /* Pods_Doit__macOS_.framework in Frameworks */,
			);
			runOnlyForDeploymentPostprocessing = 0;
		};
		2AD6D29227964A080091BFDC /* Frameworks */ = {
			isa = PBXFrameworksBuildPhase;
			buildActionMask = 2147483647;
			files = (
			);
			runOnlyForDeploymentPostprocessing = 0;
		};
		2AD6D29E27964A080091BFDC /* Frameworks */ = {
			isa = PBXFrameworksBuildPhase;
			buildActionMask = 2147483647;
			files = (
			);
			runOnlyForDeploymentPostprocessing = 0;
		};
/* End PBXFrameworksBuildPhase section */

/* Begin PBXGroup section */
		2A332E2827964EDB0037ECFC /* haeun */ = {
			isa = PBXGroup;
			children = (
				2A332E29279651DA0037ECFC /* LoginView.swift */,
				2A332E31279652150037ECFC /* AppDelegate.swift */,
				2A332E2D279651F10037ECFC /* GoogleDelegate.swift */,
				2A332E2F279651FE0037ECFC /* AppleDelegate.swift */,
			);
			path = haeun;
			sourceTree = "<group>";
		};
		2AD6D27B27964A060091BFDC = {
			isa = PBXGroup;
			children = (
				2A332E33279652D70037ECFC /* Doit--iOS--Info.plist */,
				2AD6D28027964A060091BFDC /* Shared */,
				2AD6D28F27964A080091BFDC /* macOS */,
				2AD6D29827964A080091BFDC /* Tests iOS */,
				2AD6D2A427964A080091BFDC /* Tests macOS */,
				2AD6D28927964A080091BFDC /* Products */,
				5FD639730BFF720B6FBD3FA3 /* Pods */,
				321348543B35C14D1255CBA2 /* Frameworks */,
			);
			sourceTree = "<group>";
		};
		2AD6D28027964A060091BFDC /* Shared */ = {
			isa = PBXGroup;
			children = (

				F79A077D27964D7E00EFD0AE /* jh */,

				2A332E2827964EDB0037ECFC /* haeun */,

				2AD6D28127964A060091BFDC /* DoitApp.swift */,
				2AD6D28227964A060091BFDC /* ContentView.swift */,
				2AD6D28327964A080091BFDC /* Assets.xcassets */,
			);
			path = Shared;
			sourceTree = "<group>";
		};
		2AD6D28927964A080091BFDC /* Products */ = {
			isa = PBXGroup;
			children = (
				2AD6D28827964A080091BFDC /* Doit.app */,
				2AD6D28E27964A080091BFDC /* Doit.app */,
				2AD6D29527964A080091BFDC /* Tests iOS.xctest */,
				2AD6D2A127964A080091BFDC /* Tests macOS.xctest */,
			);
			name = Products;
			sourceTree = "<group>";
		};
		2AD6D28F27964A080091BFDC /* macOS */ = {
			isa = PBXGroup;
			children = (
				2AD6D29027964A080091BFDC /* macOS.entitlements */,
			);
			path = macOS;
			sourceTree = "<group>";
		};
		2AD6D29827964A080091BFDC /* Tests iOS */ = {
			isa = PBXGroup;
			children = (
				2AD6D29927964A080091BFDC /* Tests_iOS.swift */,
				2AD6D29B27964A080091BFDC /* Tests_iOSLaunchTests.swift */,
			);
			path = "Tests iOS";
			sourceTree = "<group>";
		};
		2AD6D2A427964A080091BFDC /* Tests macOS */ = {
			isa = PBXGroup;
			children = (
				2AD6D2A527964A080091BFDC /* Tests_macOS.swift */,
				2AD6D2A727964A080091BFDC /* Tests_macOSLaunchTests.swift */,
			);
			path = "Tests macOS";
			sourceTree = "<group>";
		};

		F79A077D27964D7E00EFD0AE /* jh */ = {
			isa = PBXGroup;
			children = (
				F79A078627964E1F00EFD0AE /* FirstView.swift */,
				F79A077E27964DD700EFD0AE /* CreateView.swift */,
				F79A078427964E0100EFD0AE /* BookView.swift */,
				F79A078027964DE500EFD0AE /* SettingView.swift */,
				F79A078227964DF500EFD0AE /* NotificationView.swift */,
			);
			path = jh;

		321348543B35C14D1255CBA2 /* Frameworks */ = {
			isa = PBXGroup;
			children = (
				F0D8BFE454FC22BC018880C4 /* Pods_Doit__iOS_.framework */,
				ED6B438C0612DCBA55A08667 /* Pods_Doit__macOS_.framework */,
			);
			name = Frameworks;
			sourceTree = "<group>";
		};
		5FD639730BFF720B6FBD3FA3 /* Pods */ = {
			isa = PBXGroup;
			children = (
				833EE23FDE5F4F3B125102EF /* Pods-Doit (iOS).debug.xcconfig */,
				F6F2AA42B779C6B68FDE4223 /* Pods-Doit (iOS).release.xcconfig */,
				F4885F3FCBAB5A330F3B85AB /* Pods-Doit (macOS).debug.xcconfig */,
				6A42417D8CA9D06634E64AD7 /* Pods-Doit (macOS).release.xcconfig */,
			);
			path = Pods;

			sourceTree = "<group>";
		};
/* End PBXGroup section */

/* Begin PBXNativeTarget section */
		2AD6D28727964A080091BFDC /* Doit (iOS) */ = {
			isa = PBXNativeTarget;
			buildConfigurationList = 2AD6D2B127964A080091BFDC /* Build configuration list for PBXNativeTarget "Doit (iOS)" */;
			buildPhases = (
				6269B118EDB1758CB52154AE /* [CP] Check Pods Manifest.lock */,
				2AD6D28427964A080091BFDC /* Sources */,
				2AD6D28527964A080091BFDC /* Frameworks */,
				2AD6D28627964A080091BFDC /* Resources */,
				01403EC171D60F4A67FC8A08 /* [CP] Embed Pods Frameworks */,
			);
			buildRules = (
			);
			dependencies = (
			);
			name = "Doit (iOS)";
			packageProductDependencies = (
				F79A078927964E4400EFD0AE /* FSCalendar */,
			);
			productName = "Doit (iOS)";
			productReference = 2AD6D28827964A080091BFDC /* Doit.app */;
			productType = "com.apple.product-type.application";
		};
		2AD6D28D27964A080091BFDC /* Doit (macOS) */ = {
			isa = PBXNativeTarget;
			buildConfigurationList = 2AD6D2B427964A080091BFDC /* Build configuration list for PBXNativeTarget "Doit (macOS)" */;
			buildPhases = (
				40311B4F17A41416AD6A3C09 /* [CP] Check Pods Manifest.lock */,
				2AD6D28A27964A080091BFDC /* Sources */,
				2AD6D28B27964A080091BFDC /* Frameworks */,
				2AD6D28C27964A080091BFDC /* Resources */,
				4B86E49C22882163893C3854 /* [CP] Embed Pods Frameworks */,
			);
			buildRules = (
			);
			dependencies = (
			);
			name = "Doit (macOS)";
			productName = "Doit (macOS)";
			productReference = 2AD6D28E27964A080091BFDC /* Doit.app */;
			productType = "com.apple.product-type.application";
		};
		2AD6D29427964A080091BFDC /* Tests iOS */ = {
			isa = PBXNativeTarget;
			buildConfigurationList = 2AD6D2B727964A080091BFDC /* Build configuration list for PBXNativeTarget "Tests iOS" */;
			buildPhases = (
				2AD6D29127964A080091BFDC /* Sources */,
				2AD6D29227964A080091BFDC /* Frameworks */,
				2AD6D29327964A080091BFDC /* Resources */,
			);
			buildRules = (
			);
			dependencies = (
				2AD6D29727964A080091BFDC /* PBXTargetDependency */,
			);
			name = "Tests iOS";
			productName = "Tests iOS";
			productReference = 2AD6D29527964A080091BFDC /* Tests iOS.xctest */;
			productType = "com.apple.product-type.bundle.ui-testing";
		};
		2AD6D2A027964A080091BFDC /* Tests macOS */ = {
			isa = PBXNativeTarget;
			buildConfigurationList = 2AD6D2BA27964A080091BFDC /* Build configuration list for PBXNativeTarget "Tests macOS" */;
			buildPhases = (
				2AD6D29D27964A080091BFDC /* Sources */,
				2AD6D29E27964A080091BFDC /* Frameworks */,
				2AD6D29F27964A080091BFDC /* Resources */,
			);
			buildRules = (
			);
			dependencies = (
				2AD6D2A327964A080091BFDC /* PBXTargetDependency */,
			);
			name = "Tests macOS";
			productName = "Tests macOS";
			productReference = 2AD6D2A127964A080091BFDC /* Tests macOS.xctest */;
			productType = "com.apple.product-type.bundle.ui-testing";
		};
/* End PBXNativeTarget section */

/* Begin PBXProject section */
		2AD6D27C27964A060091BFDC /* Project object */ = {
			isa = PBXProject;
			attributes = {
				BuildIndependentTargetsInParallel = 1;
				LastSwiftUpdateCheck = 1320;
				LastUpgradeCheck = 1320;
				TargetAttributes = {
					2AD6D28727964A080091BFDC = {
						CreatedOnToolsVersion = 13.2.1;
					};
					2AD6D28D27964A080091BFDC = {
						CreatedOnToolsVersion = 13.2.1;
					};
					2AD6D29427964A080091BFDC = {
						CreatedOnToolsVersion = 13.2.1;
						TestTargetID = 2AD6D28727964A080091BFDC;
					};
					2AD6D2A027964A080091BFDC = {
						CreatedOnToolsVersion = 13.2.1;
						TestTargetID = 2AD6D28D27964A080091BFDC;
					};
				};
			};
			buildConfigurationList = 2AD6D27F27964A060091BFDC /* Build configuration list for PBXProject "Doit" */;
			compatibilityVersion = "Xcode 13.0";
			developmentRegion = en;
			hasScannedForEncodings = 0;
			knownRegions = (
				en,
				Base,
			);
			mainGroup = 2AD6D27B27964A060091BFDC;
			packageReferences = (
				F79A078827964E4400EFD0AE /* XCRemoteSwiftPackageReference "FSCalendar" */,
			);
			productRefGroup = 2AD6D28927964A080091BFDC /* Products */;
			projectDirPath = "";
			projectRoot = "";
			targets = (
				2AD6D28727964A080091BFDC /* Doit (iOS) */,
				2AD6D28D27964A080091BFDC /* Doit (macOS) */,
				2AD6D29427964A080091BFDC /* Tests iOS */,
				2AD6D2A027964A080091BFDC /* Tests macOS */,
			);
		};
/* End PBXProject section */

/* Begin PBXResourcesBuildPhase section */
		2AD6D28627964A080091BFDC /* Resources */ = {
			isa = PBXResourcesBuildPhase;
			buildActionMask = 2147483647;
			files = (
				2AD6D2AD27964A080091BFDC /* Assets.xcassets in Resources */,
			);
			runOnlyForDeploymentPostprocessing = 0;
		};
		2AD6D28C27964A080091BFDC /* Resources */ = {
			isa = PBXResourcesBuildPhase;
			buildActionMask = 2147483647;
			files = (
				2AD6D2AE27964A080091BFDC /* Assets.xcassets in Resources */,
			);
			runOnlyForDeploymentPostprocessing = 0;
		};
		2AD6D29327964A080091BFDC /* Resources */ = {
			isa = PBXResourcesBuildPhase;
			buildActionMask = 2147483647;
			files = (
			);
			runOnlyForDeploymentPostprocessing = 0;
		};
		2AD6D29F27964A080091BFDC /* Resources */ = {
			isa = PBXResourcesBuildPhase;
			buildActionMask = 2147483647;
			files = (
			);
			runOnlyForDeploymentPostprocessing = 0;
		};
/* End PBXResourcesBuildPhase section */

/* Begin PBXShellScriptBuildPhase section */
		01403EC171D60F4A67FC8A08 /* [CP] Embed Pods Frameworks */ = {
			isa = PBXShellScriptBuildPhase;
			buildActionMask = 2147483647;
			files = (
			);
			inputFileListPaths = (
				"${PODS_ROOT}/Target Support Files/Pods-Doit (iOS)/Pods-Doit (iOS)-frameworks-${CONFIGURATION}-input-files.xcfilelist",
			);
			name = "[CP] Embed Pods Frameworks";
			outputFileListPaths = (
				"${PODS_ROOT}/Target Support Files/Pods-Doit (iOS)/Pods-Doit (iOS)-frameworks-${CONFIGURATION}-output-files.xcfilelist",
			);
			runOnlyForDeploymentPostprocessing = 0;
			shellPath = /bin/sh;
			shellScript = "\"${PODS_ROOT}/Target Support Files/Pods-Doit (iOS)/Pods-Doit (iOS)-frameworks.sh\"\n";
			showEnvVarsInLog = 0;
		};
		40311B4F17A41416AD6A3C09 /* [CP] Check Pods Manifest.lock */ = {
			isa = PBXShellScriptBuildPhase;
			buildActionMask = 2147483647;
			files = (
			);
			inputFileListPaths = (
			);
			inputPaths = (
				"${PODS_PODFILE_DIR_PATH}/Podfile.lock",
				"${PODS_ROOT}/Manifest.lock",
			);
			name = "[CP] Check Pods Manifest.lock";
			outputFileListPaths = (
			);
			outputPaths = (
				"$(DERIVED_FILE_DIR)/Pods-Doit (macOS)-checkManifestLockResult.txt",
			);
			runOnlyForDeploymentPostprocessing = 0;
			shellPath = /bin/sh;
			shellScript = "diff \"${PODS_PODFILE_DIR_PATH}/Podfile.lock\" \"${PODS_ROOT}/Manifest.lock\" > /dev/null\nif [ $? != 0 ] ; then\n    # print error to STDERR\n    echo \"error: The sandbox is not in sync with the Podfile.lock. Run 'pod install' or update your CocoaPods installation.\" >&2\n    exit 1\nfi\n# This output is used by Xcode 'outputs' to avoid re-running this script phase.\necho \"SUCCESS\" > \"${SCRIPT_OUTPUT_FILE_0}\"\n";
			showEnvVarsInLog = 0;
		};
		4B86E49C22882163893C3854 /* [CP] Embed Pods Frameworks */ = {
			isa = PBXShellScriptBuildPhase;
			buildActionMask = 2147483647;
			files = (
			);
			inputFileListPaths = (
				"${PODS_ROOT}/Target Support Files/Pods-Doit (macOS)/Pods-Doit (macOS)-frameworks-${CONFIGURATION}-input-files.xcfilelist",
			);
			name = "[CP] Embed Pods Frameworks";
			outputFileListPaths = (
				"${PODS_ROOT}/Target Support Files/Pods-Doit (macOS)/Pods-Doit (macOS)-frameworks-${CONFIGURATION}-output-files.xcfilelist",
			);
			runOnlyForDeploymentPostprocessing = 0;
			shellPath = /bin/sh;
			shellScript = "\"${PODS_ROOT}/Target Support Files/Pods-Doit (macOS)/Pods-Doit (macOS)-frameworks.sh\"\n";
			showEnvVarsInLog = 0;
		};
		6269B118EDB1758CB52154AE /* [CP] Check Pods Manifest.lock */ = {
			isa = PBXShellScriptBuildPhase;
			buildActionMask = 2147483647;
			files = (
			);
			inputFileListPaths = (
			);
			inputPaths = (
				"${PODS_PODFILE_DIR_PATH}/Podfile.lock",
				"${PODS_ROOT}/Manifest.lock",
			);
			name = "[CP] Check Pods Manifest.lock";
			outputFileListPaths = (
			);
			outputPaths = (
				"$(DERIVED_FILE_DIR)/Pods-Doit (iOS)-checkManifestLockResult.txt",
			);
			runOnlyForDeploymentPostprocessing = 0;
			shellPath = /bin/sh;
			shellScript = "diff \"${PODS_PODFILE_DIR_PATH}/Podfile.lock\" \"${PODS_ROOT}/Manifest.lock\" > /dev/null\nif [ $? != 0 ] ; then\n    # print error to STDERR\n    echo \"error: The sandbox is not in sync with the Podfile.lock. Run 'pod install' or update your CocoaPods installation.\" >&2\n    exit 1\nfi\n# This output is used by Xcode 'outputs' to avoid re-running this script phase.\necho \"SUCCESS\" > \"${SCRIPT_OUTPUT_FILE_0}\"\n";
			showEnvVarsInLog = 0;
		};
/* End PBXShellScriptBuildPhase section */

/* Begin PBXSourcesBuildPhase section */
		2AD6D28427964A080091BFDC /* Sources */ = {
			isa = PBXSourcesBuildPhase;
			buildActionMask = 2147483647;
			files = (

				F79A078727964E1F00EFD0AE /* FirstView.swift in Sources */,

				2A332E32279652150037ECFC /* AppDelegate.swift in Sources */,
				2A332E30279651FE0037ECFC /* AppleDelegate.swift in Sources */,
				2A332E2E279651F10037ECFC /* GoogleDelegate.swift in Sources */,
				2A332E2A279651DA0037ECFC /* LoginView.swift in Sources */,

				2AD6D2AB27964A080091BFDC /* ContentView.swift in Sources */,
				F79A078127964DE500EFD0AE /* SettingView.swift in Sources */,
				F79A077F27964DD700EFD0AE /* CreateView.swift in Sources */,
				F79A078527964E0100EFD0AE /* BookView.swift in Sources */,
				2AD6D2A927964A080091BFDC /* DoitApp.swift in Sources */,
				F79A078327964DF500EFD0AE /* NotificationView.swift in Sources */,
			);
			runOnlyForDeploymentPostprocessing = 0;
		};
		2AD6D28A27964A080091BFDC /* Sources */ = {
			isa = PBXSourcesBuildPhase;
			buildActionMask = 2147483647;
			files = (
				2AD6D2AC27964A080091BFDC /* ContentView.swift in Sources */,
				2AD6D2AA27964A080091BFDC /* DoitApp.swift in Sources */,
			);
			runOnlyForDeploymentPostprocessing = 0;
		};
		2AD6D29127964A080091BFDC /* Sources */ = {
			isa = PBXSourcesBuildPhase;
			buildActionMask = 2147483647;
			files = (
				2AD6D29C27964A080091BFDC /* Tests_iOSLaunchTests.swift in Sources */,
				2AD6D29A27964A080091BFDC /* Tests_iOS.swift in Sources */,
			);
			runOnlyForDeploymentPostprocessing = 0;
		};
		2AD6D29D27964A080091BFDC /* Sources */ = {
			isa = PBXSourcesBuildPhase;
			buildActionMask = 2147483647;
			files = (
				2AD6D2A827964A080091BFDC /* Tests_macOSLaunchTests.swift in Sources */,
				2AD6D2A627964A080091BFDC /* Tests_macOS.swift in Sources */,
			);
			runOnlyForDeploymentPostprocessing = 0;
		};
/* End PBXSourcesBuildPhase section */

/* Begin PBXTargetDependency section */
		2AD6D29727964A080091BFDC /* PBXTargetDependency */ = {
			isa = PBXTargetDependency;
			target = 2AD6D28727964A080091BFDC /* Doit (iOS) */;
			targetProxy = 2AD6D29627964A080091BFDC /* PBXContainerItemProxy */;
		};
		2AD6D2A327964A080091BFDC /* PBXTargetDependency */ = {
			isa = PBXTargetDependency;
			target = 2AD6D28D27964A080091BFDC /* Doit (macOS) */;
			targetProxy = 2AD6D2A227964A080091BFDC /* PBXContainerItemProxy */;
		};
/* End PBXTargetDependency section */

/* Begin XCBuildConfiguration section */
		2AD6D2AF27964A080091BFDC /* Debug */ = {
			isa = XCBuildConfiguration;
			buildSettings = {
				ALWAYS_SEARCH_USER_PATHS = NO;
				CLANG_ANALYZER_NONNULL = YES;
				CLANG_ANALYZER_NUMBER_OBJECT_CONVERSION = YES_AGGRESSIVE;
				CLANG_CXX_LANGUAGE_STANDARD = "gnu++17";
				CLANG_CXX_LIBRARY = "libc++";
				CLANG_ENABLE_MODULES = YES;
				CLANG_ENABLE_OBJC_ARC = YES;
				CLANG_ENABLE_OBJC_WEAK = YES;
				CLANG_WARN_BLOCK_CAPTURE_AUTORELEASING = YES;
				CLANG_WARN_BOOL_CONVERSION = YES;
				CLANG_WARN_COMMA = YES;
				CLANG_WARN_CONSTANT_CONVERSION = YES;
				CLANG_WARN_DEPRECATED_OBJC_IMPLEMENTATIONS = YES;
				CLANG_WARN_DIRECT_OBJC_ISA_USAGE = YES_ERROR;
				CLANG_WARN_DOCUMENTATION_COMMENTS = YES;
				CLANG_WARN_EMPTY_BODY = YES;
				CLANG_WARN_ENUM_CONVERSION = YES;
				CLANG_WARN_INFINITE_RECURSION = YES;
				CLANG_WARN_INT_CONVERSION = YES;
				CLANG_WARN_NON_LITERAL_NULL_CONVERSION = YES;
				CLANG_WARN_OBJC_IMPLICIT_RETAIN_SELF = YES;
				CLANG_WARN_OBJC_LITERAL_CONVERSION = YES;
				CLANG_WARN_OBJC_ROOT_CLASS = YES_ERROR;
				CLANG_WARN_QUOTED_INCLUDE_IN_FRAMEWORK_HEADER = YES;
				CLANG_WARN_RANGE_LOOP_ANALYSIS = YES;
				CLANG_WARN_STRICT_PROTOTYPES = YES;
				CLANG_WARN_SUSPICIOUS_MOVE = YES;
				CLANG_WARN_UNGUARDED_AVAILABILITY = YES_AGGRESSIVE;
				CLANG_WARN_UNREACHABLE_CODE = YES;
				CLANG_WARN__DUPLICATE_METHOD_MATCH = YES;
				COPY_PHASE_STRIP = NO;
				DEBUG_INFORMATION_FORMAT = dwarf;
				ENABLE_STRICT_OBJC_MSGSEND = YES;
				ENABLE_TESTABILITY = YES;
				GCC_C_LANGUAGE_STANDARD = gnu11;
				GCC_DYNAMIC_NO_PIC = NO;
				GCC_NO_COMMON_BLOCKS = YES;
				GCC_OPTIMIZATION_LEVEL = 0;
				GCC_PREPROCESSOR_DEFINITIONS = (
					"DEBUG=1",
					"$(inherited)",
				);
				GCC_WARN_64_TO_32_BIT_CONVERSION = YES;
				GCC_WARN_ABOUT_RETURN_TYPE = YES_ERROR;
				GCC_WARN_UNDECLARED_SELECTOR = YES;
				GCC_WARN_UNINITIALIZED_AUTOS = YES_AGGRESSIVE;
				GCC_WARN_UNUSED_FUNCTION = YES;
				GCC_WARN_UNUSED_VARIABLE = YES;
				MTL_ENABLE_DEBUG_INFO = INCLUDE_SOURCE;
				MTL_FAST_MATH = YES;
				ONLY_ACTIVE_ARCH = YES;
				SWIFT_ACTIVE_COMPILATION_CONDITIONS = DEBUG;
				SWIFT_OPTIMIZATION_LEVEL = "-Onone";
			};
			name = Debug;
		};
		2AD6D2B027964A080091BFDC /* Release */ = {
			isa = XCBuildConfiguration;
			buildSettings = {
				ALWAYS_SEARCH_USER_PATHS = NO;
				CLANG_ANALYZER_NONNULL = YES;
				CLANG_ANALYZER_NUMBER_OBJECT_CONVERSION = YES_AGGRESSIVE;
				CLANG_CXX_LANGUAGE_STANDARD = "gnu++17";
				CLANG_CXX_LIBRARY = "libc++";
				CLANG_ENABLE_MODULES = YES;
				CLANG_ENABLE_OBJC_ARC = YES;
				CLANG_ENABLE_OBJC_WEAK = YES;
				CLANG_WARN_BLOCK_CAPTURE_AUTORELEASING = YES;
				CLANG_WARN_BOOL_CONVERSION = YES;
				CLANG_WARN_COMMA = YES;
				CLANG_WARN_CONSTANT_CONVERSION = YES;
				CLANG_WARN_DEPRECATED_OBJC_IMPLEMENTATIONS = YES;
				CLANG_WARN_DIRECT_OBJC_ISA_USAGE = YES_ERROR;
				CLANG_WARN_DOCUMENTATION_COMMENTS = YES;
				CLANG_WARN_EMPTY_BODY = YES;
				CLANG_WARN_ENUM_CONVERSION = YES;
				CLANG_WARN_INFINITE_RECURSION = YES;
				CLANG_WARN_INT_CONVERSION = YES;
				CLANG_WARN_NON_LITERAL_NULL_CONVERSION = YES;
				CLANG_WARN_OBJC_IMPLICIT_RETAIN_SELF = YES;
				CLANG_WARN_OBJC_LITERAL_CONVERSION = YES;
				CLANG_WARN_OBJC_ROOT_CLASS = YES_ERROR;
				CLANG_WARN_QUOTED_INCLUDE_IN_FRAMEWORK_HEADER = YES;
				CLANG_WARN_RANGE_LOOP_ANALYSIS = YES;
				CLANG_WARN_STRICT_PROTOTYPES = YES;
				CLANG_WARN_SUSPICIOUS_MOVE = YES;
				CLANG_WARN_UNGUARDED_AVAILABILITY = YES_AGGRESSIVE;
				CLANG_WARN_UNREACHABLE_CODE = YES;
				CLANG_WARN__DUPLICATE_METHOD_MATCH = YES;
				COPY_PHASE_STRIP = NO;
				DEBUG_INFORMATION_FORMAT = "dwarf-with-dsym";
				ENABLE_NS_ASSERTIONS = NO;
				ENABLE_STRICT_OBJC_MSGSEND = YES;
				GCC_C_LANGUAGE_STANDARD = gnu11;
				GCC_NO_COMMON_BLOCKS = YES;
				GCC_WARN_64_TO_32_BIT_CONVERSION = YES;
				GCC_WARN_ABOUT_RETURN_TYPE = YES_ERROR;
				GCC_WARN_UNDECLARED_SELECTOR = YES;
				GCC_WARN_UNINITIALIZED_AUTOS = YES_AGGRESSIVE;
				GCC_WARN_UNUSED_FUNCTION = YES;
				GCC_WARN_UNUSED_VARIABLE = YES;
				MTL_ENABLE_DEBUG_INFO = NO;
				MTL_FAST_MATH = YES;
				SWIFT_COMPILATION_MODE = wholemodule;
				SWIFT_OPTIMIZATION_LEVEL = "-O";
			};
			name = Release;
		};
		2AD6D2B227964A080091BFDC /* Debug */ = {
			isa = XCBuildConfiguration;
			baseConfigurationReference = 833EE23FDE5F4F3B125102EF /* Pods-Doit (iOS).debug.xcconfig */;
			buildSettings = {
				ASSETCATALOG_COMPILER_APPICON_NAME = AppIcon;
				ASSETCATALOG_COMPILER_GLOBAL_ACCENT_COLOR_NAME = AccentColor;
				CODE_SIGN_STYLE = Automatic;
				CURRENT_PROJECT_VERSION = 1;
				DEVELOPMENT_TEAM = JVBAL8CV7V;
				ENABLE_PREVIEWS = YES;
				GENERATE_INFOPLIST_FILE = YES;
				INFOPLIST_FILE = "Doit--iOS--Info.plist";
				INFOPLIST_KEY_UIApplicationSceneManifest_Generation = YES;
				INFOPLIST_KEY_UIApplicationSupportsIndirectInputEvents = YES;
				INFOPLIST_KEY_UILaunchScreen_Generation = YES;
				INFOPLIST_KEY_UISupportedInterfaceOrientations_iPad = "UIInterfaceOrientationPortrait UIInterfaceOrientationPortraitUpsideDown UIInterfaceOrientationLandscapeLeft UIInterfaceOrientationLandscapeRight";
				INFOPLIST_KEY_UISupportedInterfaceOrientations_iPhone = "UIInterfaceOrientationPortrait UIInterfaceOrientationLandscapeLeft UIInterfaceOrientationLandscapeRight";
				IPHONEOS_DEPLOYMENT_TARGET = 15.2;
				LD_RUNPATH_SEARCH_PATHS = (
					"$(inherited)",
					"@executable_path/Frameworks",
				);
				MARKETING_VERSION = 1.0;
				PRODUCT_BUNDLE_IDENTIFIER = com.Doit.Doit;
				PRODUCT_NAME = Doit;
				SDKROOT = iphoneos;
				SWIFT_EMIT_LOC_STRINGS = YES;
				SWIFT_VERSION = 5.0;
				TARGETED_DEVICE_FAMILY = "1,2";
			};
			name = Debug;
		};
		2AD6D2B327964A080091BFDC /* Release */ = {
			isa = XCBuildConfiguration;
			baseConfigurationReference = F6F2AA42B779C6B68FDE4223 /* Pods-Doit (iOS).release.xcconfig */;
			buildSettings = {
				ASSETCATALOG_COMPILER_APPICON_NAME = AppIcon;
				ASSETCATALOG_COMPILER_GLOBAL_ACCENT_COLOR_NAME = AccentColor;
				CODE_SIGN_STYLE = Automatic;
				CURRENT_PROJECT_VERSION = 1;
				DEVELOPMENT_TEAM = JVBAL8CV7V;
				ENABLE_PREVIEWS = YES;
				GENERATE_INFOPLIST_FILE = YES;
				INFOPLIST_FILE = "Doit--iOS--Info.plist";
				INFOPLIST_KEY_UIApplicationSceneManifest_Generation = YES;
				INFOPLIST_KEY_UIApplicationSupportsIndirectInputEvents = YES;
				INFOPLIST_KEY_UILaunchScreen_Generation = YES;
				INFOPLIST_KEY_UISupportedInterfaceOrientations_iPad = "UIInterfaceOrientationPortrait UIInterfaceOrientationPortraitUpsideDown UIInterfaceOrientationLandscapeLeft UIInterfaceOrientationLandscapeRight";
				INFOPLIST_KEY_UISupportedInterfaceOrientations_iPhone = "UIInterfaceOrientationPortrait UIInterfaceOrientationLandscapeLeft UIInterfaceOrientationLandscapeRight";
				IPHONEOS_DEPLOYMENT_TARGET = 15.2;
				LD_RUNPATH_SEARCH_PATHS = (
					"$(inherited)",
					"@executable_path/Frameworks",
				);
				MARKETING_VERSION = 1.0;
				PRODUCT_BUNDLE_IDENTIFIER = com.Doit.Doit;
				PRODUCT_NAME = Doit;
				SDKROOT = iphoneos;
				SWIFT_EMIT_LOC_STRINGS = YES;
				SWIFT_VERSION = 5.0;
				TARGETED_DEVICE_FAMILY = "1,2";
				VALIDATE_PRODUCT = YES;
			};
			name = Release;
		};
		2AD6D2B527964A080091BFDC /* Debug */ = {
			isa = XCBuildConfiguration;
			baseConfigurationReference = F4885F3FCBAB5A330F3B85AB /* Pods-Doit (macOS).debug.xcconfig */;
			buildSettings = {
				ASSETCATALOG_COMPILER_APPICON_NAME = AppIcon;
				ASSETCATALOG_COMPILER_GLOBAL_ACCENT_COLOR_NAME = AccentColor;
				CODE_SIGN_ENTITLEMENTS = macOS/macOS.entitlements;
				CODE_SIGN_STYLE = Automatic;
				COMBINE_HIDPI_IMAGES = YES;
				CURRENT_PROJECT_VERSION = 1;
				DEVELOPMENT_TEAM = JVBAL8CV7V;
				ENABLE_HARDENED_RUNTIME = YES;
				ENABLE_PREVIEWS = YES;
				GENERATE_INFOPLIST_FILE = YES;
				INFOPLIST_KEY_NSHumanReadableCopyright = "";
				LD_RUNPATH_SEARCH_PATHS = (
					"$(inherited)",
					"@executable_path/../Frameworks",
				);
				MACOSX_DEPLOYMENT_TARGET = 12.1;
				MARKETING_VERSION = 1.0;
				PRODUCT_BUNDLE_IDENTIFIER = com.Doit.Doit;
				PRODUCT_NAME = Doit;
				SDKROOT = macosx;
				SWIFT_EMIT_LOC_STRINGS = YES;
				SWIFT_VERSION = 5.0;
			};
			name = Debug;
		};
		2AD6D2B627964A080091BFDC /* Release */ = {
			isa = XCBuildConfiguration;
			baseConfigurationReference = 6A42417D8CA9D06634E64AD7 /* Pods-Doit (macOS).release.xcconfig */;
			buildSettings = {
				ASSETCATALOG_COMPILER_APPICON_NAME = AppIcon;
				ASSETCATALOG_COMPILER_GLOBAL_ACCENT_COLOR_NAME = AccentColor;
				CODE_SIGN_ENTITLEMENTS = macOS/macOS.entitlements;
				CODE_SIGN_STYLE = Automatic;
				COMBINE_HIDPI_IMAGES = YES;
				CURRENT_PROJECT_VERSION = 1;
				DEVELOPMENT_TEAM = JVBAL8CV7V;
				ENABLE_HARDENED_RUNTIME = YES;
				ENABLE_PREVIEWS = YES;
				GENERATE_INFOPLIST_FILE = YES;
				INFOPLIST_KEY_NSHumanReadableCopyright = "";
				LD_RUNPATH_SEARCH_PATHS = (
					"$(inherited)",
					"@executable_path/../Frameworks",
				);
				MACOSX_DEPLOYMENT_TARGET = 12.1;
				MARKETING_VERSION = 1.0;
				PRODUCT_BUNDLE_IDENTIFIER = com.Doit.Doit;
				PRODUCT_NAME = Doit;
				SDKROOT = macosx;
				SWIFT_EMIT_LOC_STRINGS = YES;
				SWIFT_VERSION = 5.0;
			};
			name = Release;
		};
		2AD6D2B827964A080091BFDC /* Debug */ = {
			isa = XCBuildConfiguration;
			buildSettings = {
				ALWAYS_EMBED_SWIFT_STANDARD_LIBRARIES = YES;
				CODE_SIGN_STYLE = Automatic;
				CURRENT_PROJECT_VERSION = 1;
				DEVELOPMENT_TEAM = JVBAL8CV7V;
				GENERATE_INFOPLIST_FILE = YES;
				IPHONEOS_DEPLOYMENT_TARGET = 15.2;
				MARKETING_VERSION = 1.0;
				PRODUCT_BUNDLE_IDENTIFIER = "com.Doit.Tests-iOS";
				PRODUCT_NAME = "$(TARGET_NAME)";
				SDKROOT = iphoneos;
				SWIFT_EMIT_LOC_STRINGS = NO;
				SWIFT_VERSION = 5.0;
				TARGETED_DEVICE_FAMILY = "1,2";
				TEST_TARGET_NAME = "Doit (iOS)";
			};
			name = Debug;
		};
		2AD6D2B927964A080091BFDC /* Release */ = {
			isa = XCBuildConfiguration;
			buildSettings = {
				ALWAYS_EMBED_SWIFT_STANDARD_LIBRARIES = YES;
				CODE_SIGN_STYLE = Automatic;
				CURRENT_PROJECT_VERSION = 1;
				DEVELOPMENT_TEAM = JVBAL8CV7V;
				GENERATE_INFOPLIST_FILE = YES;
				IPHONEOS_DEPLOYMENT_TARGET = 15.2;
				MARKETING_VERSION = 1.0;
				PRODUCT_BUNDLE_IDENTIFIER = "com.Doit.Tests-iOS";
				PRODUCT_NAME = "$(TARGET_NAME)";
				SDKROOT = iphoneos;
				SWIFT_EMIT_LOC_STRINGS = NO;
				SWIFT_VERSION = 5.0;
				TARGETED_DEVICE_FAMILY = "1,2";
				TEST_TARGET_NAME = "Doit (iOS)";
				VALIDATE_PRODUCT = YES;
			};
			name = Release;
		};
		2AD6D2BB27964A080091BFDC /* Debug */ = {
			isa = XCBuildConfiguration;
			buildSettings = {
				ALWAYS_EMBED_SWIFT_STANDARD_LIBRARIES = YES;
				CODE_SIGN_STYLE = Automatic;
				CURRENT_PROJECT_VERSION = 1;
				DEVELOPMENT_TEAM = JVBAL8CV7V;
				GENERATE_INFOPLIST_FILE = YES;
				MACOSX_DEPLOYMENT_TARGET = 12.1;
				MARKETING_VERSION = 1.0;
				PRODUCT_BUNDLE_IDENTIFIER = "com.Doit.Tests-macOS";
				PRODUCT_NAME = "$(TARGET_NAME)";
				SDKROOT = macosx;
				SWIFT_EMIT_LOC_STRINGS = NO;
				SWIFT_VERSION = 5.0;
				TEST_TARGET_NAME = "Doit (macOS)";
			};
			name = Debug;
		};
		2AD6D2BC27964A080091BFDC /* Release */ = {
			isa = XCBuildConfiguration;
			buildSettings = {
				ALWAYS_EMBED_SWIFT_STANDARD_LIBRARIES = YES;
				CODE_SIGN_STYLE = Automatic;
				CURRENT_PROJECT_VERSION = 1;
				DEVELOPMENT_TEAM = JVBAL8CV7V;
				GENERATE_INFOPLIST_FILE = YES;
				MACOSX_DEPLOYMENT_TARGET = 12.1;
				MARKETING_VERSION = 1.0;
				PRODUCT_BUNDLE_IDENTIFIER = "com.Doit.Tests-macOS";
				PRODUCT_NAME = "$(TARGET_NAME)";
				SDKROOT = macosx;
				SWIFT_EMIT_LOC_STRINGS = NO;
				SWIFT_VERSION = 5.0;
				TEST_TARGET_NAME = "Doit (macOS)";
			};
			name = Release;
		};
/* End XCBuildConfiguration section */

/* Begin XCConfigurationList section */
		2AD6D27F27964A060091BFDC /* Build configuration list for PBXProject "Doit" */ = {
			isa = XCConfigurationList;
			buildConfigurations = (
				2AD6D2AF27964A080091BFDC /* Debug */,
				2AD6D2B027964A080091BFDC /* Release */,
			);
			defaultConfigurationIsVisible = 0;
			defaultConfigurationName = Release;
		};
		2AD6D2B127964A080091BFDC /* Build configuration list for PBXNativeTarget "Doit (iOS)" */ = {
			isa = XCConfigurationList;
			buildConfigurations = (
				2AD6D2B227964A080091BFDC /* Debug */,
				2AD6D2B327964A080091BFDC /* Release */,
			);
			defaultConfigurationIsVisible = 0;
			defaultConfigurationName = Release;
		};
		2AD6D2B427964A080091BFDC /* Build configuration list for PBXNativeTarget "Doit (macOS)" */ = {
			isa = XCConfigurationList;
			buildConfigurations = (
				2AD6D2B527964A080091BFDC /* Debug */,
				2AD6D2B627964A080091BFDC /* Release */,
			);
			defaultConfigurationIsVisible = 0;
			defaultConfigurationName = Release;
		};
		2AD6D2B727964A080091BFDC /* Build configuration list for PBXNativeTarget "Tests iOS" */ = {
			isa = XCConfigurationList;
			buildConfigurations = (
				2AD6D2B827964A080091BFDC /* Debug */,
				2AD6D2B927964A080091BFDC /* Release */,
			);
			defaultConfigurationIsVisible = 0;
			defaultConfigurationName = Release;
		};
		2AD6D2BA27964A080091BFDC /* Build configuration list for PBXNativeTarget "Tests macOS" */ = {
			isa = XCConfigurationList;
			buildConfigurations = (
				2AD6D2BB27964A080091BFDC /* Debug */,
				2AD6D2BC27964A080091BFDC /* Release */,
			);
			defaultConfigurationIsVisible = 0;
			defaultConfigurationName = Release;
		};
/* End XCConfigurationList section */

/* Begin XCRemoteSwiftPackageReference section */
		F79A078827964E4400EFD0AE /* XCRemoteSwiftPackageReference "FSCalendar" */ = {
			isa = XCRemoteSwiftPackageReference;
			repositoryURL = "https://github.com/WenchaoD/FSCalendar.git";
			requirement = {
				branch = master;
				kind = branch;
			};
		};
/* End XCRemoteSwiftPackageReference section */

/* Begin XCSwiftPackageProductDependency section */
		F79A078927964E4400EFD0AE /* FSCalendar */ = {
			isa = XCSwiftPackageProductDependency;
			package = F79A078827964E4400EFD0AE /* XCRemoteSwiftPackageReference "FSCalendar" */;
			productName = FSCalendar;
		};
/* End XCSwiftPackageProductDependency section */
	};
	rootObject = 2AD6D27C27964A060091BFDC /* Project object */;
}
